
Microsoft Visual Studio Solution File, Format Version 12.00
# Visual Studio Version 17
VisualStudioVersion = 17.11.35222.181
MinimumVisualStudioVersion = 10.0.40219.1
Project("{D2ABAB84-BF74-430A-B69E-9DC6D40DDA17}") = "Nhom3_OLAP", "Nhom3_OLAP\Nhom3_OLAP.dwproj", "{E3B86EF1-25FF-4C3D-856B-FB0D24F8B04D}"
EndProject
Global
	GlobalSection(SolutionConfigurationPlatforms) = preSolution
		Development|Default = Development|Default
	EndGlobalSection
	GlobalSection(ProjectConfigurationPlatforms) = postSolution
		{E3B86EF1-25FF-4C3D-856B-FB0D24F8B04D}.Development|Default.ActiveCfg = Development
		{E3B86EF1-25FF-4C3D-856B-FB0D24F8B04D}.Development|Default.Build.0 = Development
		{E3B86EF1-25FF-4C3D-856B-FB0D24F8B04D}.Development|Default.Deploy.0 = Development
	EndGlobalSection
	GlobalSection(SolutionProperties) = preSolution
		HideSolutionNode = FALSE
	EndGlobalSection
	GlobalSection(ExtensibilityGlobals) = postSolution
		SolutionGuid = {70367805-6377-4FE2-B9B1-E81F3FB434C7}
	EndGlobalSection
EndGlobal
